
Microsoft Visual Studio Solution File, Format Version 12.00
# Visual Studio 14
VisualStudioVersion = 14.0.25420.1
MinimumVisualStudioVersion = 10.0.40219.1
Project("{8BC9CEB8-8B4A-11D0-8D11-00A0C91BC942}") = "Lab2", "Lab2\Lab2.vcxproj", "{32E6085C-BF16-4735-8CC5-8F73F41B1AD8}"
EndProject
Project("{8BC9CEB8-8B4A-11D0-8D11-00A0C91BC942}") = "WinNTLLib", "..\WinNTLLib\WinNTLLib.vcxproj", "{32628B86-4BE9-428D-B7EC-FB6E3728FFA4}"
EndProject
Global
	GlobalSection(SolutionConfigurationPlatforms) = preSolution
		Debug|x64 = Debug|x64
		Debug|x86 = Debug|x86
		Release|x64 = Release|x64
		Release|x86 = Release|x86
	EndGlobalSection
	GlobalSection(ProjectConfigurationPlatforms) = postSolution
		{32E6085C-BF16-4735-8CC5-8F73F41B1AD8}.Debug|x64.ActiveCfg = Debug|x64
		{32E6085C-BF16-4735-8CC5-8F73F41B1AD8}.Debug|x64.Build.0 = Debug|x64
		{32E6085C-BF16-4735-8CC5-8F73F41B1AD8}.Debug|x86.ActiveCfg = Debug|Win32
		{32E6085C-BF16-4735-8CC5-8F73F41B1AD8}.Debug|x86.Build.0 = Debug|Win32
		{32E6085C-BF16-4735-8CC5-8F73F41B1AD8}.Release|x64.ActiveCfg = Release|x64
		{32E6085C-BF16-4735-8CC5-8F73F41B1AD8}.Release|x64.Build.0 = Release|x64
		{32E6085C-BF16-4735-8CC5-8F73F41B1AD8}.Release|x86.ActiveCfg = Release|Win32
		{32E6085C-BF16-4735-8CC5-8F73F41B1AD8}.Release|x86.Build.0 = Release|Win32
		{32628B86-4BE9-428D-B7EC-FB6E3728FFA4}.Debug|x64.ActiveCfg = Debug|x64
		{32628B86-4BE9-428D-B7EC-FB6E3728FFA4}.Debug|x64.Build.0 = Debug|x64
		{32628B86-4BE9-428D-B7EC-FB6E3728FFA4}.Debug|x86.ActiveCfg = Debug|Win32
		{32628B86-4BE9-428D-B7EC-FB6E3728FFA4}.Debug|x86.Build.0 = Debug|Win32
		{32628B86-4BE9-428D-B7EC-FB6E3728FFA4}.Release|x64.ActiveCfg = Release|x64
		{32628B86-4BE9-428D-B7EC-FB6E3728FFA4}.Release|x64.Build.0 = Release|x64
		{32628B86-4BE9-428D-B7EC-FB6E3728FFA4}.Release|x86.ActiveCfg = Release|Win32
		{32628B86-4BE9-428D-B7EC-FB6E3728FFA4}.Release|x86.Build.0 = Release|Win32
	EndGlobalSection
	GlobalSection(SolutionProperties) = preSolution
		HideSolutionNode = FALSE
	EndGlobalSection
EndGlobal
